<?xml version="1.0" encoding="utf-8"?>
<Project ToolsVersion="4.0" xmlns="http://schemas.microsoft.com/developer/msbuild/2003">
  <ItemGroup>
    <Filter Include="Исходные файлы">
      <UniqueIdentifier>{4FC737F1-C7A5-4376-A066-2A32D752A2FF}</UniqueIdentifier>
      <Extensions>cpp;c;cc;cxx;def;odl;idl;hpj;bat;asm;asmx</Extensions>
    </Filter>
    <Filter Include="Файлы заголовков">
      <UniqueIdentifier>{93995380-89BD-4b04-88EB-625FBE52EBFB}</UniqueIdentifier>
      <Extensions>h;hh;hpp;hxx;hm;inl;inc;ipp;xsd</Extensions>
    </Filter>
  </ItemGroup>
  <ItemGroup>
    <ClCompile Include="Main.cpp">
      <Filter>Исходные файлы</Filter>
    </ClCompile>
    <ClCompile Include="__engine_\EngineV1dot0.cpp">
      <Filter>Исходные файлы</Filter>
    </ClCompile>
    <ClCompile Include="__engine_\GameEngine.cpp">
      <Filter>Исходные файлы</Filter>
    </ClCompile>
    <ClCompile Include="__engine_\initCUDADevice.cpp">
      <Filter>Исходные файлы</Filter>
    </ClCompile>
    <ClCompile Include="__engine_\wchar_tFunctions.cpp">
      <Filter>Исходные файлы</Filter>
    </ClCompile>
    <ClCompile Include="__engine_\__console_\Console.cpp">
      <Filter>Исходные файлы</Filter>
    </ClCompile>
    <ClCompile Include="__engine_\__window_\Window.cpp">
      <Filter>Исходные файлы</Filter>
    </ClCompile>
    <ClCompile Include="__engine_\__memory_managers_\MemoryManagerCPU.cpp">
      <Filter>Исходные файлы</Filter>
    </ClCompile>
    <ClCompile Include="__engine_\__memory_managers_\MemoryManagerCUDA.cpp">
      <Filter>Исходные файлы</Filter>
    </ClCompile>
    <ClCompile Include="__engine_\__memory_managers_\MemoryManagerGPU.cpp">
      <Filter>Исходные файлы</Filter>
    </ClCompile>
    <ClCompile Include="__engine_\__logic_engine_\LogicEngine.cpp">
      <Filter>Исходные файлы</Filter>
    </ClCompile>
    <ClCompile Include="__engine_\__graphic_engine_\GraphicEngine.cpp">
      <Filter>Исходные файлы</Filter>
    </ClCompile>
    <ClCompile Include="__engine_\__file_formats_\Obj.cpp">
      <Filter>Исходные файлы</Filter>
    </ClCompile>
    <ClCompile Include="__engine_\__database_\DataBase.cpp">
      <Filter>Исходные файлы</Filter>
    </ClCompile>
    <ClCompile Include="__engine_\__camera_\Camera.cpp">
      <Filter>Исходные файлы</Filter>
    </ClCompile>
  </ItemGroup>
  <ItemGroup>
    <ClInclude Include="__engine_\EngineStructures.h">
      <Filter>Файлы заголовков</Filter>
    </ClInclude>
    <ClInclude Include="__engine_\EngineV1dot0.h">
      <Filter>Файлы заголовков</Filter>
    </ClInclude>
    <ClInclude Include="__engine_\GameEngine.h">
      <Filter>Файлы заголовков</Filter>
    </ClInclude>
    <ClInclude Include="__engine_\initCUDADevice.cuh" />
    <ClInclude Include="__engine_\Structures.h">
      <Filter>Файлы заголовков</Filter>
    </ClInclude>
    <ClInclude Include="__engine_\wchar_tFunctions.h">
      <Filter>Файлы заголовков</Filter>
    </ClInclude>
    <ClInclude Include="__engine_\WorckFunctions.h">
      <Filter>Файлы заголовков</Filter>
    </ClInclude>
    <ClInclude Include="__engine_\__console_\Console.h">
      <Filter>Файлы заголовков</Filter>
    </ClInclude>
    <ClInclude Include="__engine_\__window_\Window.h">
      <Filter>Файлы заголовков</Filter>
    </ClInclude>
    <ClInclude Include="__engine_\__window_\WindowStructures.h">
      <Filter>Файлы заголовков</Filter>
    </ClInclude>
    <ClInclude Include="__engine_\__memory_managers_\MemoryManagerCPU.h">
      <Filter>Файлы заголовков</Filter>
    </ClInclude>
    <ClInclude Include="__engine_\__memory_managers_\MemoryManagerGPU.h">
      <Filter>Файлы заголовков</Filter>
    </ClInclude>
    <ClInclude Include="__engine_\__logic_engine_\LogicEngine.h">
      <Filter>Файлы заголовков</Filter>
    </ClInclude>
    <ClInclude Include="__engine_\__graphic_engine_\GraphicEngine.h">
      <Filter>Файлы заголовков</Filter>
    </ClInclude>
    <ClInclude Include="__engine_\__graphic_engine_\GraphicEngineCUDA.cuh" />
    <ClInclude Include="__engine_\__file_formats_\Obj.h">
      <Filter>Файлы заголовков</Filter>
    </ClInclude>
    <ClInclude Include="__engine_\__database_\DataBase.h">
      <Filter>Файлы заголовков</Filter>
    </ClInclude>
    <ClInclude Include="__engine_\__camera_\Camera.h">
      <Filter>Файлы заголовков</Filter>
    </ClInclude>
  </ItemGroup>
  <ItemGroup>
    <CudaCompile Include="__engine_\__memory_managers_\MemoryManagerCUDA.cu" />
    <CudaCompile Include="__engine_\__graphic_engine_\GraphicEngineCUDA.cu" />
    <CudaCompile Include="LogicEngineCUDA.cu">
      <Filter>Исходные файлы</Filter>
    </CudaCompile>
  </ItemGroup>
</Project>